// !$*UTF8*$!
{
	archiveVersion = 1;
	classes = {
	};
	objectVersion = 77;
	objects = {

/* Begin PBXBuildFile section */
		05169522CE51D3213CAC8CFE /* ProjectDetailView.swift in Sources */ = {isa = PBXBuildFile; fileRef = 5169676C9DF1E0DD319DA02D /* ProjectDetailView.swift */; };
		0B312B29A13A3B3242A9CEB1 /* NotificationService.swift in Sources */ = {isa = PBXBuildFile; fileRef = C621A42B0248C08407662585 /* NotificationService.swift */; };
		2344FBE0B31AD81B2BF3EA3A /* LogPaneView.swift in Sources */ = {isa = PBXBuildFile; fileRef = 68A69431BD18157A250AF070 /* LogPaneView.swift */; };
		2C8CA50428A7C0407256C1FC /* MainWindowView.swift in Sources */ = {isa = PBXBuildFile; fileRef = 387E1E73EE608A153ABADF72 /* MainWindowView.swift */; };
		35406E2F0BFBE3815FFC3131 /* MenuBarPopoverView.swift in Sources */ = {isa = PBXBuildFile; fileRef = B7A0F9459D865D18841BD61D /* MenuBarPopoverView.swift */; };
		3E7A9A19BBB2F5E72447FAC2 /* AppState.swift in Sources */ = {isa = PBXBuildFile; fileRef = D59FA1374B0B14564D830A5F /* AppState.swift */; };
		52DE7DD4A9B6F41FF8F09F00 /* LaunchAtLogin.swift in Sources */ = {isa = PBXBuildFile; fileRef = B3CFDFEA74EE77AA7880D952 /* LaunchAtLogin.swift */; };
		829E4136C74F558EDCE1F37F /* ProjectsSidebarView.swift in Sources */ = {isa = PBXBuildFile; fileRef = D180B88B23FF0570BE498A38 /* ProjectsSidebarView.swift */; };
		8557CE63A5EDF65E7A28FEB3 /* ProjectConflictDialogs.swift in Sources */ = {isa = PBXBuildFile; fileRef = EB56E0976E879E0757E7D567 /* ProjectConflictDialogs.swift */; };
		9866930E6AB7F20238AFDE32 /* SleepGuard.swift in Sources */ = {isa = PBXBuildFile; fileRef = 116CD8103C9F8584EC956B04 /* SleepGuard.swift */; };
		A8A7257B7E4F68A86E465979 /* HarborCore in Frameworks */ = {isa = PBXBuildFile; productRef = 98EA2D80A397ADC5AB7B6829 /* HarborCore */; };
		AB38A37AECFD0424D87630E8 /* PortPoolEditorSheet.swift in Sources */ = {isa = PBXBuildFile; fileRef = 2E47162057A3DF3F68EE0A54 /* PortPoolEditorSheet.swift */; };
		B45BB1E86956462C86D82D85 /* Support.swift in Sources */ = {isa = PBXBuildFile; fileRef = 013ED848CDB4FE949F6A3CA3 /* Support.swift */; };
		CF8ADA63F37E0D0163B4501E /* HarborApp.swift in Sources */ = {isa = PBXBuildFile; fileRef = 398F0A1C74D4C354D41533F2 /* HarborApp.swift */; };
		DB55F278A130297057AF4B1F /* PortsTableView.swift in Sources */ = {isa = PBXBuildFile; fileRef = FA2FA04ED38151DF692F10DF /* PortsTableView.swift */; };
		F92C9C8C44BD84223E4B6FD2 /* PortsOverviewView.swift in Sources */ = {isa = PBXBuildFile; fileRef = 1CF9540CC0A7007912151E46 /* PortsOverviewView.swift */; };
/* End PBXBuildFile section */

/* Begin PBXFileReference section */
		013ED848CDB4FE949F6A3CA3 /* Support.swift */ = {isa = PBXFileReference; lastKnownFileType = sourcecode.swift; path = Support.swift; sourceTree = "<group>"; };
		116CD8103C9F8584EC956B04 /* SleepGuard.swift */ = {isa = PBXFileReference; lastKnownFileType = sourcecode.swift; path = SleepGuard.swift; sourceTree = "<group>"; };
		1B3BB63CADE100ED5B2F71AD /* Info.plist */ = {isa = PBXFileReference; lastKnownFileType = text.plist; path = Info.plist; sourceTree = "<group>"; };
		1CF9540CC0A7007912151E46 /* PortsOverviewView.swift */ = {isa = PBXFileReference; lastKnownFileType = sourcecode.swift; path = PortsOverviewView.swift; sourceTree = "<group>"; };
		2E47162057A3DF3F68EE0A54 /* PortPoolEditorSheet.swift */ = {isa = PBXFileReference; lastKnownFileType = sourcecode.swift; path = PortPoolEditorSheet.swift; sourceTree = "<group>"; };
		387E1E73EE608A153ABADF72 /* MainWindowView.swift */ = {isa = PBXFileReference; lastKnownFileType = sourcecode.swift; path = MainWindowView.swift; sourceTree = "<group>"; };
		398F0A1C74D4C354D41533F2 /* HarborApp.swift */ = {isa = PBXFileReference; lastKnownFileType = sourcecode.swift; path = HarborApp.swift; sourceTree = "<group>"; };
		5169676C9DF1E0DD319DA02D /* ProjectDetailView.swift */ = {isa = PBXFileReference; lastKnownFileType = sourcecode.swift; path = ProjectDetailView.swift; sourceTree = "<group>"; };
		68A69431BD18157A250AF070 /* LogPaneView.swift */ = {isa = PBXFileReference; lastKnownFileType = sourcecode.swift; path = LogPaneView.swift; sourceTree = "<group>"; };
		71481134497B82751DEB1D66 /* Core */ = {isa = PBXFileReference; lastKnownFileType = folder; name = Core; path = Core; sourceTree = SOURCE_ROOT; };
		B3CFDFEA74EE77AA7880D952 /* LaunchAtLogin.swift */ = {isa = PBXFileReference; lastKnownFileType = sourcecode.swift; path = LaunchAtLogin.swift; sourceTree = "<group>"; };
		B7A0F9459D865D18841BD61D /* MenuBarPopoverView.swift */ = {isa = PBXFileReference; lastKnownFileType = sourcecode.swift; path = MenuBarPopoverView.swift; sourceTree = "<group>"; };
		C621A42B0248C08407662585 /* NotificationService.swift */ = {isa = PBXFileReference; lastKnownFileType = sourcecode.swift; path = NotificationService.swift; sourceTree = "<group>"; };
		D180B88B23FF0570BE498A38 /* ProjectsSidebarView.swift */ = {isa = PBXFileReference; lastKnownFileType = sourcecode.swift; path = ProjectsSidebarView.swift; sourceTree = "<group>"; };
		D59FA1374B0B14564D830A5F /* AppState.swift */ = {isa = PBXFileReference; lastKnownFileType = sourcecode.swift; path = AppState.swift; sourceTree = "<group>"; };
		EB56E0976E879E0757E7D567 /* ProjectConflictDialogs.swift */ = {isa = PBXFileReference; lastKnownFileType = sourcecode.swift; path = ProjectConflictDialogs.swift; sourceTree = "<group>"; };
		F4A098FA2BAEE5F46EA2760B /* Harbor.app */ = {isa = PBXFileReference; explicitFileType = wrapper.application; includeInIndex = 0; path = Harbor.app; sourceTree = BUILT_PRODUCTS_DIR; };
		FA2FA04ED38151DF692F10DF /* PortsTableView.swift */ = {isa = PBXFileReference; lastKnownFileType = sourcecode.swift; path = PortsTableView.swift; sourceTree = "<group>"; };
/* End PBXFileReference section */

/* Begin PBXFrameworksBuildPhase section */
		13FCE7083D6FA79C35195FE5 /* Frameworks */ = {
			isa = PBXFrameworksBuildPhase;
			buildActionMask = 2147483647;
			files = (
				A8A7257B7E4F68A86E465979 /* HarborCore in Frameworks */,
			);
			runOnlyForDeploymentPostprocessing = 0;
		};
/* End PBXFrameworksBuildPhase section */

/* Begin PBXGroup section */
		04D30A972C9D5D8B56A57985 /* ViewModels */ = {
			isa = PBXGroup;
			children = (
				D59FA1374B0B14564D830A5F /* AppState.swift */,
			);
			path = ViewModels;
			sourceTree = "<group>";
		};
		1B1137484F52FDAEEE5E5210 /* Services */ = {
			isa = PBXGroup;
			children = (
				B3CFDFEA74EE77AA7880D952 /* LaunchAtLogin.swift */,
				C621A42B0248C08407662585 /* NotificationService.swift */,
				116CD8103C9F8584EC956B04 /* SleepGuard.swift */,
			);
			path = Services;
			sourceTree = "<group>";
		};
		4B6E6FF1AAF0F1E58A96AFE0 = {
			isa = PBXGroup;
			children = (
				5393D253E622FEDBF8E327E2 /* App */,
				A9A79CB64777E3CC2242B5B4 /* Packages */,
				CC43AAD20CAB978C29A392F1 /* Products */,
			);
			sourceTree = "<group>";
		};
		5393D253E622FEDBF8E327E2 /* App */ = {
			isa = PBXGroup;
			children = (
				1B1137484F52FDAEEE5E5210 /* Services */,
				04D30A972C9D5D8B56A57985 /* ViewModels */,
				B89DE712A8304C345A6DF11F /* Views */,
				1B3BB63CADE100ED5B2F71AD /* Info.plist */,
			);
			path = App;
			sourceTree = "<group>";
		};
		A2FACBE273FB9A99D8C72FFA /* Ports */ = {
			isa = PBXGroup;
			children = (
				2E47162057A3DF3F68EE0A54 /* PortPoolEditorSheet.swift */,
				1CF9540CC0A7007912151E46 /* PortsOverviewView.swift */,
				FA2FA04ED38151DF692F10DF /* PortsTableView.swift */,
			);
			path = Ports;
			sourceTree = "<group>";
		};
		A9A79CB64777E3CC2242B5B4 /* Packages */ = {
			isa = PBXGroup;
			children = (
				71481134497B82751DEB1D66 /* Core */,
			);
			name = Packages;
			sourceTree = "<group>";
		};
		B89DE712A8304C345A6DF11F /* Views */ = {
			isa = PBXGroup;
			children = (
				A2FACBE273FB9A99D8C72FFA /* Ports */,
				E29999985FEAF84EF572A2FF /* Projects */,
				398F0A1C74D4C354D41533F2 /* HarborApp.swift */,
				387E1E73EE608A153ABADF72 /* MainWindowView.swift */,
				B7A0F9459D865D18841BD61D /* MenuBarPopoverView.swift */,
				013ED848CDB4FE949F6A3CA3 /* Support.swift */,
			);
			path = Views;
			sourceTree = "<group>";
		};
		CC43AAD20CAB978C29A392F1 /* Products */ = {
			isa = PBXGroup;
			children = (
				F4A098FA2BAEE5F46EA2760B /* Harbor.app */,
			);
			name = Products;
			sourceTree = "<group>";
		};
		E29999985FEAF84EF572A2FF /* Projects */ = {
			isa = PBXGroup;
			children = (
				68A69431BD18157A250AF070 /* LogPaneView.swift */,
				EB56E0976E879E0757E7D567 /* ProjectConflictDialogs.swift */,
				5169676C9DF1E0DD319DA02D /* ProjectDetailView.swift */,
				D180B88B23FF0570BE498A38 /* ProjectsSidebarView.swift */,
			);
			path = Projects;
			sourceTree = "<group>";
		};
/* End PBXGroup section */

/* Begin PBXNativeTarget section */
		2808BCF99DF40CC4C8E70735 /* Harbor */ = {
			isa = PBXNativeTarget;
			buildConfigurationList = AA18A3D193C4C448EF1F0ED9 /* Build configuration list for PBXNativeTarget "Harbor" */;
			buildPhases = (
				95C0E0518523BE9E818074B0 /* Sources */,
				13FCE7083D6FA79C35195FE5 /* Frameworks */,
			);
			buildRules = (
			);
			dependencies = (
			);
			name = Harbor;
			packageProductDependencies = (
				98EA2D80A397ADC5AB7B6829 /* HarborCore */,
			);
			productName = Harbor;
			productReference = F4A098FA2BAEE5F46EA2760B /* Harbor.app */;
			productType = "com.apple.product-type.application";
		};
/* End PBXNativeTarget section */

/* Begin PBXProject section */
		E1A41677E0D3A3B0DE821E73 /* Project object */ = {
			isa = PBXProject;
			attributes = {
				BuildIndependentTargetsInParallel = YES;
				LastUpgradeCheck = 1430;
				TargetAttributes = {
					2808BCF99DF40CC4C8E70735 = {
						DevelopmentTeam = "";
						ProvisioningStyle = Automatic;
					};
				};
			};
			buildConfigurationList = 228E7885A7681524FA70D6D0 /* Build configuration list for PBXProject "Harbor" */;
			developmentRegion = en;
			hasScannedForEncodings = 0;
			knownRegions = (
				Base,
				en,
			);
			mainGroup = 4B6E6FF1AAF0F1E58A96AFE0;
			minimizedProjectReferenceProxies = 1;
			packageReferences = (
				7A962A2D8E62915C8A72FAC5 /* XCLocalSwiftPackageReference "Core" */,
			);
			preferredProjectObjectVersion = 77;
			productRefGroup = CC43AAD20CAB978C29A392F1 /* Products */;
			projectDirPath = "";
			projectRoot = "";
			targets = (
				2808BCF99DF40CC4C8E70735 /* Harbor */,
			);
		};
/* End PBXProject section */

/* Begin PBXSourcesBuildPhase section */
		95C0E0518523BE9E818074B0 /* Sources */ = {
			isa = PBXSourcesBuildPhase;
			buildActionMask = 2147483647;
			files = (
				3E7A9A19BBB2F5E72447FAC2 /* AppState.swift in Sources */,
				CF8ADA63F37E0D0163B4501E /* HarborApp.swift in Sources */,
				52DE7DD4A9B6F41FF8F09F00 /* LaunchAtLogin.swift in Sources */,
				2344FBE0B31AD81B2BF3EA3A /* LogPaneView.swift in Sources */,
				2C8CA50428A7C0407256C1FC /* MainWindowView.swift in Sources */,
				35406E2F0BFBE3815FFC3131 /* MenuBarPopoverView.swift in Sources */,
				0B312B29A13A3B3242A9CEB1 /* NotificationService.swift in Sources */,
				AB38A37AECFD0424D87630E8 /* PortPoolEditorSheet.swift in Sources */,
				F92C9C8C44BD84223E4B6FD2 /* PortsOverviewView.swift in Sources */,
				DB55F278A130297057AF4B1F /* PortsTableView.swift in Sources */,
				8557CE63A5EDF65E7A28FEB3 /* ProjectConflictDialogs.swift in Sources */,
				05169522CE51D3213CAC8CFE /* ProjectDetailView.swift in Sources */,
				829E4136C74F558EDCE1F37F /* ProjectsSidebarView.swift in Sources */,
				9866930E6AB7F20238AFDE32 /* SleepGuard.swift in Sources */,
				B45BB1E86956462C86D82D85 /* Support.swift in Sources */,
			);
			runOnlyForDeploymentPostprocessing = 0;
		};
/* End PBXSourcesBuildPhase section */

/* Begin XCBuildConfiguration section */
		3012FBAAF503F3FC0CBC8735 /* Debug */ = {
			isa = XCBuildConfiguration;
			buildSettings = {
				ALWAYS_SEARCH_USER_PATHS = NO;
				CLANG_ANALYZER_NONNULL = YES;
				CLANG_ANALYZER_NUMBER_OBJECT_CONVERSION = YES_AGGRESSIVE;
				CLANG_CXX_LANGUAGE_STANDARD = "gnu++14";
				CLANG_CXX_LIBRARY = "libc++";
				CLANG_ENABLE_MODULES = YES;
				CLANG_ENABLE_OBJC_ARC = YES;
				CLANG_ENABLE_OBJC_WEAK = YES;
				CLANG_WARN_BLOCK_CAPTURE_AUTORELEASING = YES;
				CLANG_WARN_BOOL_CONVERSION = YES;
				CLANG_WARN_COMMA = YES;
				CLANG_WARN_CONSTANT_CONVERSION = YES;
				CLANG_WARN_DEPRECATED_OBJC_IMPLEMENTATIONS = YES;
				CLANG_WARN_DIRECT_OBJC_ISA_USAGE = YES_ERROR;
				CLANG_WARN_DOCUMENTATION_COMMENTS = YES;
				CLANG_WARN_EMPTY_BODY = YES;
				CLANG_WARN_ENUM_CONVERSION = YES;
				CLANG_WARN_INFINITE_RECURSION = YES;
				CLANG_WARN_INT_CONVERSION = YES;
				CLANG_WARN_NON_LITERAL_NULL_CONVERSION = YES;
				CLANG_WARN_OBJC_IMPLICIT_RETAIN_SELF = YES;
				CLANG_WARN_OBJC_LITERAL_CONVERSION = YES;
				CLANG_WARN_OBJC_ROOT_CLASS = YES_ERROR;
				CLANG_WARN_QUOTED_INCLUDE_IN_FRAMEWORK_HEADER = YES;
				CLANG_WARN_RANGE_LOOP_ANALYSIS = YES;
				CLANG_WARN_STRICT_PROTOTYPES = YES;
				CLANG_WARN_SUSPICIOUS_MOVE = YES;
				CLANG_WARN_UNGUARDED_AVAILABILITY = YES_AGGRESSIVE;
				CLANG_WARN_UNREACHABLE_CODE = YES;
				CLANG_WARN__DUPLICATE_METHOD_MATCH = YES;
				CODE_SIGN_IDENTITY = "-";
				CODE_SIGN_INJECT_BASE_ENTITLEMENTS = NO;
				CODE_SIGN_STYLE = Automatic;
				COPY_PHASE_STRIP = NO;
				CURRENT_PROJECT_VERSION = 1;
				DEBUG_INFORMATION_FORMAT = dwarf;
				DEVELOPMENT_TEAM = "";
				ENABLE_STRICT_OBJC_MSGSEND = YES;
				ENABLE_TESTABILITY = YES;
				GCC_C_LANGUAGE_STANDARD = gnu11;
				GCC_DYNAMIC_NO_PIC = NO;
				GCC_NO_COMMON_BLOCKS = YES;
				GCC_OPTIMIZATION_LEVEL = 0;
				GCC_PREPROCESSOR_DEFINITIONS = (
					"$(inherited)",
					"DEBUG=1",
				);
				GCC_WARN_64_TO_32_BIT_CONVERSION = YES;
				GCC_WARN_ABOUT_RETURN_TYPE = YES_ERROR;
				GCC_WARN_UNDECLARED_SELECTOR = YES;
				GCC_WARN_UNINITIALIZED_AUTOS = YES_AGGRESSIVE;
				GCC_WARN_UNUSED_FUNCTION = YES;
				GCC_WARN_UNUSED_VARIABLE = YES;
				MACOSX_DEPLOYMENT_TARGET = 13.0;
				MARKETING_VERSION = 1.3.0;
				MTL_ENABLE_DEBUG_INFO = INCLUDE_SOURCE;
				MTL_FAST_MATH = YES;
				ONLY_ACTIVE_ARCH = YES;
				PRODUCT_NAME = "$(TARGET_NAME)";
				SDKROOT = macosx;
				SWIFT_ACTIVE_COMPILATION_CONDITIONS = DEBUG;
				SWIFT_OPTIMIZATION_LEVEL = "-Onone";
				SWIFT_VERSION = 5.0;
			};
			name = Debug;
		};
		3E3B329C7B496D999047FCE4 /* Release */ = {
			isa = XCBuildConfiguration;
			buildSettings = {
				ALWAYS_SEARCH_USER_PATHS = NO;
				CLANG_ANALYZER_NONNULL = YES;
				CLANG_ANALYZER_NUMBER_OBJECT_CONVERSION = YES_AGGRESSIVE;
				CLANG_CXX_LANGUAGE_STANDARD = "gnu++14";
				CLANG_CXX_LIBRARY = "libc++";
				CLANG_ENABLE_MODULES = YES;
				CLANG_ENABLE_OBJC_ARC = YES;
				CLANG_ENABLE_OBJC_WEAK = YES;
				CLANG_WARN_BLOCK_CAPTURE_AUTORELEASING = YES;
				CLANG_WARN_BOOL_CONVERSION = YES;
				CLANG_WARN_COMMA = YES;
				CLANG_WARN_CONSTANT_CONVERSION = YES;
				CLANG_WARN_DEPRECATED_OBJC_IMPLEMENTATIONS = YES;
				CLANG_WARN_DIRECT_OBJC_ISA_USAGE = YES_ERROR;
				CLANG_WARN_DOCUMENTATION_COMMENTS = YES;
				CLANG_WARN_EMPTY_BODY = YES;
				CLANG_WARN_ENUM_CONVERSION = YES;
				CLANG_WARN_INFINITE_RECURSION = YES;
				CLANG_WARN_INT_CONVERSION = YES;
				CLANG_WARN_NON_LITERAL_NULL_CONVERSION = YES;
				CLANG_WARN_OBJC_IMPLICIT_RETAIN_SELF = YES;
				CLANG_WARN_OBJC_LITERAL_CONVERSION = YES;
				CLANG_WARN_OBJC_ROOT_CLASS = YES_ERROR;
				CLANG_WARN_QUOTED_INCLUDE_IN_FRAMEWORK_HEADER = YES;
				CLANG_WARN_RANGE_LOOP_ANALYSIS = YES;
				CLANG_WARN_STRICT_PROTOTYPES = YES;
				CLANG_WARN_SUSPICIOUS_MOVE = YES;
				CLANG_WARN_UNGUARDED_AVAILABILITY = YES_AGGRESSIVE;
				CLANG_WARN_UNREACHABLE_CODE = YES;
				CLANG_WARN__DUPLICATE_METHOD_MATCH = YES;
				CODE_SIGN_IDENTITY = "-";
				CODE_SIGN_INJECT_BASE_ENTITLEMENTS = NO;
				CODE_SIGN_STYLE = Automatic;
				COPY_PHASE_STRIP = NO;
				CURRENT_PROJECT_VERSION = 1;
				DEBUG_INFORMATION_FORMAT = "dwarf-with-dsym";
				DEVELOPMENT_TEAM = "";
				ENABLE_NS_ASSERTIONS = NO;
				ENABLE_STRICT_OBJC_MSGSEND = YES;
				GCC_C_LANGUAGE_STANDARD = gnu11;
				GCC_NO_COMMON_BLOCKS = YES;
				GCC_WARN_64_TO_32_BIT_CONVERSION = YES;
				GCC_WARN_ABOUT_RETURN_TYPE = YES_ERROR;
				GCC_WARN_UNDECLARED_SELECTOR = YES;
				GCC_WARN_UNINITIALIZED_AUTOS = YES_AGGRESSIVE;
				GCC_WARN_UNUSED_FUNCTION = YES;
				GCC_WARN_UNUSED_VARIABLE = YES;
				MACOSX_DEPLOYMENT_TARGET = 13.0;
				MARKETING_VERSION = 1.3.0;
				MTL_ENABLE_DEBUG_INFO = NO;
				MTL_FAST_MATH = YES;
				PRODUCT_NAME = "$(TARGET_NAME)";
				SDKROOT = macosx;
				SWIFT_COMPILATION_MODE = wholemodule;
				SWIFT_OPTIMIZATION_LEVEL = "-O";
				SWIFT_VERSION = 5.0;
			};
			name = Release;
		};
		677653C3AD255A2133EB3608 /* Release */ = {
			isa = XCBuildConfiguration;
			buildSettings = {
				ASSETCATALOG_COMPILER_APPICON_NAME = AppIcon;
				COMBINE_HIDPI_IMAGES = YES;
				INFOPLIST_FILE = App/Info.plist;
				INFOPLIST_KEY_LSApplicationCategoryType = "public.app-category.developer-tools";
				LD_RUNPATH_SEARCH_PATHS = (
					"$(inherited)",
					"@executable_path/../Frameworks",
				);
				PRODUCT_BUNDLE_IDENTIFIER = app.harbor.Harbor;
				SDKROOT = macosx;
			};
			name = Release;
		};
		D62A08C885ACC569AA2ADEE0 /* Debug */ = {
			isa = XCBuildConfiguration;
			buildSettings = {
				ASSETCATALOG_COMPILER_APPICON_NAME = AppIcon;
				COMBINE_HIDPI_IMAGES = YES;
				INFOPLIST_FILE = App/Info.plist;
				INFOPLIST_KEY_LSApplicationCategoryType = "public.app-category.developer-tools";
				LD_RUNPATH_SEARCH_PATHS = (
					"$(inherited)",
					"@executable_path/../Frameworks",
				);
				PRODUCT_BUNDLE_IDENTIFIER = app.harbor.Harbor;
				SDKROOT = macosx;
			};
			name = Debug;
		};
/* End XCBuildConfiguration section */

/* Begin XCConfigurationList section */
		228E7885A7681524FA70D6D0 /* Build configuration list for PBXProject "Harbor" */ = {
			isa = XCConfigurationList;
			buildConfigurations = (
				3012FBAAF503F3FC0CBC8735 /* Debug */,
				3E3B329C7B496D999047FCE4 /* Release */,
			);
			defaultConfigurationIsVisible = 0;
			defaultConfigurationName = Debug;
		};
		AA18A3D193C4C448EF1F0ED9 /* Build configuration list for PBXNativeTarget "Harbor" */ = {
			isa = XCConfigurationList;
			buildConfigurations = (
				D62A08C885ACC569AA2ADEE0 /* Debug */,
				677653C3AD255A2133EB3608 /* Release */,
			);
			defaultConfigurationIsVisible = 0;
			defaultConfigurationName = Debug;
		};
/* End XCConfigurationList section */

/* Begin XCLocalSwiftPackageReference section */
		7A962A2D8E62915C8A72FAC5 /* XCLocalSwiftPackageReference "Core" */ = {
			isa = XCLocalSwiftPackageReference;
			relativePath = Core;
		};
/* End XCLocalSwiftPackageReference section */

/* Begin XCSwiftPackageProductDependency section */
		98EA2D80A397ADC5AB7B6829 /* HarborCore */ = {
			isa = XCSwiftPackageProductDependency;
			productName = HarborCore;
		};
/* End XCSwiftPackageProductDependency section */
	};
	rootObject = E1A41677E0D3A3B0DE821E73 /* Project object */;
}
